// !$*UTF8*$!
{
	archiveVersion = 1;
	classes = {
	};
	objectVersion = 50;
	objects = {

/* Begin PBXBuildFile section */
		30992BF7241D8B3F00725A4D /* AppDelegate.swift in Sources */ = {isa = PBXBuildFile; fileRef = 30992BF6241D8B3F00725A4D /* AppDelegate.swift */; };
		30992BF9241D8B3F00725A4D /* SceneDelegate.swift in Sources */ = {isa = PBXBuildFile; fileRef = 30992BF8241D8B3F00725A4D /* SceneDelegate.swift */; };
		30992BFB241D8B3F00725A4D /* ViewController.swift in Sources */ = {isa = PBXBuildFile; fileRef = 30992BFA241D8B3F00725A4D /* ViewController.swift */; };
		30992BFE241D8B3F00725A4D /* Main.storyboard in Resources */ = {isa = PBXBuildFile; fileRef = 30992BFC241D8B3F00725A4D /* Main.storyboard */; };
		30992C01241D8B3F00725A4D /* calculator.xcdatamodeld in Sources */ = {isa = PBXBuildFile; fileRef = 30992BFF241D8B3F00725A4D /* calculator.xcdatamodeld */; };
		30992C03241D8B4000725A4D /* Assets.xcassets in Resources */ = {isa = PBXBuildFile; fileRef = 30992C02241D8B4000725A4D /* Assets.xcassets */; };
		30992C06241D8B4000725A4D /* LaunchScreen.storyboard in Resources */ = {isa = PBXBuildFile; fileRef = 30992C04241D8B4000725A4D /* LaunchScreen.storyboard */; };
		30992C11241D8B4000725A4D /* calculatorTests.swift in Sources */ = {isa = PBXBuildFile; fileRef = 30992C10241D8B4000725A4D /* calculatorTests.swift */; };
		30992C1C241D8B4000725A4D /* calculatorUITests.swift in Sources */ = {isa = PBXBuildFile; fileRef = 30992C1B241D8B4000725A4D /* calculatorUITests.swift */; };
/* End PBXBuildFile section */

/* Begin PBXContainerItemProxy section */
		30992C0D241D8B4000725A4D /* PBXContainerItemProxy */ = {
			isa = PBXContainerItemProxy;
			containerPortal = 30992BEB241D8B3F00725A4D /* Project object */;
			proxyType = 1;
			remoteGlobalIDString = 30992BF2241D8B3F00725A4D;
			remoteInfo = calculator;
		};
		30992C18241D8B4000725A4D /* PBXContainerItemProxy */ = {
			isa = PBXContainerItemProxy;
			containerPortal = 30992BEB241D8B3F00725A4D /* Project object */;
			proxyType = 1;
			remoteGlobalIDString = 30992BF2241D8B3F00725A4D;
			remoteInfo = calculator;
		};
/* End PBXContainerItemProxy section */

/* Begin PBXFileReference section */
		30992BF3241D8B3F00725A4D /* calculator.app */ = {isa = PBXFileReference; explicitFileType = wrapper.application; includeInIndex = 0; path = calculator.app; sourceTree = BUILT_PRODUCTS_DIR; };
		30992BF6241D8B3F00725A4D /* AppDelegate.swift */ = {isa = PBXFileReference; lastKnownFileType = sourcecode.swift; path = AppDelegate.swift; sourceTree = "<group>"; };
		30992BF8241D8B3F00725A4D /* SceneDelegate.swift */ = {isa = PBXFileReference; lastKnownFileType = sourcecode.swift; path = SceneDelegate.swift; sourceTree = "<group>"; };
		30992BFA241D8B3F00725A4D /* ViewController.swift */ = {isa = PBXFileReference; lastKnownFileType = sourcecode.swift; path = ViewController.swift; sourceTree = "<group>"; };
		30992BFD241D8B3F00725A4D /* Base */ = {isa = PBXFileReference; lastKnownFileType = file.storyboard; name = Base; path = Base.lproj/Main.storyboard; sourceTree = "<group>"; };
		30992C00241D8B3F00725A4D /* calculator.xcdatamodel */ = {isa = PBXFileReference; lastKnownFileType = wrapper.xcdatamodel; path = calculator.xcdatamodel; sourceTree = "<group>"; };
		30992C02241D8B4000725A4D /* Assets.xcassets */ = {isa = PBXFileReference; lastKnownFileType = folder.assetcatalog; path = Assets.xcassets; sourceTree = "<group>"; };
		30992C05241D8B4000725A4D /* Base */ = {isa = PBXFileReference; lastKnownFileType = file.storyboard; name = Base; path = Base.lproj/LaunchScreen.storyboard; sourceTree = "<group>"; };
		30992C07241D8B4000725A4D /* Info.plist */ = {isa = PBXFileReference; lastKnownFileType = text.plist.xml; path = Info.plist; sourceTree = "<group>"; };
		30992C0C241D8B4000725A4D /* calculatorTests.xctest */ = {isa = PBXFileReference; explicitFileType = wrapper.cfbundle; includeInIndex = 0; path = calculatorTests.xctest; sourceTree = BUILT_PRODUCTS_DIR; };
		30992C10241D8B4000725A4D /* calculatorTests.swift */ = {isa = PBXFileReference; lastKnownFileType = sourcecode.swift; path = calculatorTests.swift; sourceTree = "<group>"; };
		30992C12241D8B4000725A4D /* Info.plist */ = {isa = PBXFileReference; lastKnownFileType = text.plist.xml; path = Info.plist; sourceTree = "<group>"; };
		30992C17241D8B4000725A4D /* calculatorUITests.xctest */ = {isa = PBXFileReference; explicitFileType = wrapper.cfbundle; includeInIndex = 0; path = calculatorUITests.xctest; sourceTree = BUILT_PRODUCTS_DIR; };
		30992C1B241D8B4000725A4D /* calculatorUITests.swift */ = {isa = PBXFileReference; lastKnownFileType = sourcecode.swift; path = calculatorUITests.swift; sourceTree = "<group>"; };
		30992C1D241D8B4000725A4D /* Info.plist */ = {isa = PBXFileReference; lastKnownFileType = text.plist.xml; path = Info.plist; sourceTree = "<group>"; };
/* End PBXFileReference section */

/* Begin PBXFrameworksBuildPhase section */
		30992BF0241D8B3F00725A4D /* Frameworks */ = {
			isa = PBXFrameworksBuildPhase;
			buildActionMask = 2147483647;
			files = (
			);
			runOnlyForDeploymentPostprocessing = 0;
		};
		30992C09241D8B4000725A4D /* Frameworks */ = {
			isa = PBXFrameworksBuildPhase;
			buildActionMask = 2147483647;
			files = (
			);
			runOnlyForDeploymentPostprocessing = 0;
		};
		30992C14241D8B4000725A4D /* Frameworks */ = {
			isa = PBXFrameworksBuildPhase;
			buildActionMask = 2147483647;
			files = (
			);
			runOnlyForDeploymentPostprocessing = 0;
		};
/* End PBXFrameworksBuildPhase section */

/* Begin PBXGroup section */
		30992BEA241D8B3F00725A4D = {
			isa = PBXGroup;
			children = (
				30992BF5241D8B3F00725A4D /* calculator */,
				30992C0F241D8B4000725A4D /* calculatorTests */,
				30992C1A241D8B4000725A4D /* calculatorUITests */,
				30992BF4241D8B3F00725A4D /* Products */,
			);
			sourceTree = "<group>";
		};
		30992BF4241D8B3F00725A4D /* Products */ = {
			isa = PBXGroup;
			children = (
				30992BF3241D8B3F00725A4D /* calculator.app */,
				30992C0C241D8B4000725A4D /* calculatorTests.xctest */,
				30992C17241D8B4000725A4D /* calculatorUITests.xctest */,
			);
			name = Products;
			sourceTree = "<group>";
		};
		30992BF5241D8B3F00725A4D /* calculator */ = {
			isa = PBXGroup;
			children = (
				30992BF6241D8B3F00725A4D /* AppDelegate.swift */,
				30992BF8241D8B3F00725A4D /* SceneDelegate.swift */,
				30992BFA241D8B3F00725A4D /* ViewController.swift */,
				30992BFC241D8B3F00725A4D /* Main.storyboard */,
				30992C02241D8B4000725A4D /* Assets.xcassets */,
				30992C04241D8B4000725A4D /* LaunchScreen.storyboard */,
				30992C07241D8B4000725A4D /* Info.plist */,
				30992BFF241D8B3F00725A4D /* calculator.xcdatamodeld */,
			);
			path = calculator;
			sourceTree = "<group>";
		};
		30992C0F241D8B4000725A4D /* calculatorTests */ = {
			isa = PBXGroup;
			children = (
				30992C10241D8B4000725A4D /* calculatorTests.swift */,
				30992C12241D8B4000725A4D /* Info.plist */,
			);
			path = calculatorTests;
			sourceTree = "<group>";
		};
		30992C1A241D8B4000725A4D /* calculatorUITests */ = {
			isa = PBXGroup;
			children = (
				30992C1B241D8B4000725A4D /* calculatorUITests.swift */,
				30992C1D241D8B4000725A4D /* Info.plist */,
			);
			path = calculatorUITests;
			sourceTree = "<group>";
		};
/* End PBXGroup section */

/* Begin PBXNativeTarget section */
		30992BF2241D8B3F00725A4D /* calculator */ = {
			isa = PBXNativeTarget;
			buildConfigurationList = 30992C20241D8B4000725A4D /* Build configuration list for PBXNativeTarget "calculator" */;
			buildPhases = (
				30992BEF241D8B3F00725A4D /* Sources */,
				30992BF0241D8B3F00725A4D /* Frameworks */,
				30992BF1241D8B3F00725A4D /* Resources */,
			);
			buildRules = (
			);
			dependencies = (
			);
			name = calculator;
			productName = calculator;
			productReference = 30992BF3241D8B3F00725A4D /* calculator.app */;
			productType = "com.apple.product-type.application";
		};
		30992C0B241D8B4000725A4D /* calculatorTests */ = {
			isa = PBXNativeTarget;
			buildConfigurationList = 30992C23241D8B4000725A4D /* Build configuration list for PBXNativeTarget "calculatorTests" */;
			buildPhases = (
				30992C08241D8B4000725A4D /* Sources */,
				30992C09241D8B4000725A4D /* Frameworks */,
				30992C0A241D8B4000725A4D /* Resources */,
			);
			buildRules = (
			);
			dependencies = (
				30992C0E241D8B4000725A4D /* PBXTargetDependency */,
			);
			name = calculatorTests;
			productName = calculatorTests;
			productReference = 30992C0C241D8B4000725A4D /* calculatorTests.xctest */;
			productType = "com.apple.product-type.bundle.unit-test";
		};
		30992C16241D8B4000725A4D /* calculatorUITests */ = {
			isa = PBXNativeTarget;
			buildConfigurationList = 30992C26241D8B4000725A4D /* Build configuration list for PBXNativeTarget "calculatorUITests" */;
			buildPhases = (
				30992C13241D8B4000725A4D /* Sources */,
				30992C14241D8B4000725A4D /* Frameworks */,
				30992C15241D8B4000725A4D /* Resources */,
			);
			buildRules = (
			);
			dependencies = (
				30992C19241D8B4000725A4D /* PBXTargetDependency */,
			);
			name = calculatorUITests;
			productName = calculatorUITests;
			productReference = 30992C17241D8B4000725A4D /* calculatorUITests.xctest */;
			productType = "com.apple.product-type.bundle.ui-testing";
		};
/* End PBXNativeTarget section */

/* Begin PBXProject section */
		30992BEB241D8B3F00725A4D /* Project object */ = {
			isa = PBXProject;
			attributes = {
				LastSwiftUpdateCheck = 1130;
				LastUpgradeCheck = 1130;
				ORGANIZATIONNAME = "Dmitriy Porollo";
				TargetAttributes = {
					30992BF2241D8B3F00725A4D = {
						CreatedOnToolsVersion = 11.3;
					};
					30992C0B241D8B4000725A4D = {
						CreatedOnToolsVersion = 11.3;
						TestTargetID = 30992BF2241D8B3F00725A4D;
					};
					30992C16241D8B4000725A4D = {
						CreatedOnToolsVersion = 11.3;
						TestTargetID = 30992BF2241D8B3F00725A4D;
					};
				};
			};
			buildConfigurationList = 30992BEE241D8B3F00725A4D /* Build configuration list for PBXProject "calculator" */;
			compatibilityVersion = "Xcode 9.3";
			developmentRegion = en;
			hasScannedForEncodings = 0;
			knownRegions = (
				en,
				Base,
			);
			mainGroup = 30992BEA241D8B3F00725A4D;
			productRefGroup = 30992BF4241D8B3F00725A4D /* Products */;
			projectDirPath = "";
			projectRoot = "";
			targets = (
				30992BF2241D8B3F00725A4D /* calculator */,
				30992C0B241D8B4000725A4D /* calculatorTests */,
				30992C16241D8B4000725A4D /* calculatorUITests */,
			);
		};
/* End PBXProject section */

/* Begin PBXResourcesBuildPhase section */
		30992BF1241D8B3F00725A4D /* Resources */ = {
			isa = PBXResourcesBuildPhase;
			buildActionMask = 2147483647;
			files = (
				30992C06241D8B4000725A4D /* LaunchScreen.storyboard in Resources */,
				30992C03241D8B4000725A4D /* Assets.xcassets in Resources */,
				30992BFE241D8B3F00725A4D /* Main.storyboard in Resources */,
			);
			runOnlyForDeploymentPostprocessing = 0;
		};
		30992C0A241D8B4000725A4D /* Resources */ = {
			isa = PBXResourcesBuildPhase;
			buildActionMask = 2147483647;
			files = (
			);
			runOnlyForDeploymentPostprocessing = 0;
		};
		30992C15241D8B4000725A4D /* Resources */ = {
			isa = PBXResourcesBuildPhase;
			buildActionMask = 2147483647;
			files = (
			);
			runOnlyForDeploymentPostprocessing = 0;
		};
/* End PBXResourcesBuildPhase section */

/* Begin PBXSourcesBuildPhase section */
		30992BEF241D8B3F00725A4D /* Sources */ = {
			isa = PBXSourcesBuildPhase;
			buildActionMask = 2147483647;
			files = (
				30992BFB241D8B3F00725A4D /* ViewController.swift in Sources */,
				30992C01241D8B3F00725A4D /* calculator.xcdatamodeld in Sources */,
				30992BF7241D8B3F00725A4D /* AppDelegate.swift in Sources */,
				30992BF9241D8B3F00725A4D /* SceneDelegate.swift in Sources */,
			);
			runOnlyForDeploymentPostprocessing = 0;
		};
		30992C08241D8B4000725A4D /* Sources */ = {
			isa = PBXSourcesBuildPhase;
			buildActionMask = 2147483647;
			files = (
				30992C11241D8B4000725A4D /* calculatorTests.swift in Sources */,
			);
			runOnlyForDeploymentPostprocessing = 0;
		};
		30992C13241D8B4000725A4D /* Sources */ = {
			isa = PBXSourcesBuildPhase;
			buildActionMask = 2147483647;
			files = (
				30992C1C241D8B4000725A4D /* calculatorUITests.swift in Sources */,
			);
			runOnlyForDeploymentPostprocessing = 0;
		};
/* End PBXSourcesBuildPhase section */

/* Begin PBXTargetDependency section */
		30992C0E241D8B4000725A4D /* PBXTargetDependency */ = {
			isa = PBXTargetDependency;
			target = 30992BF2241D8B3F00725A4D /* calculator */;
			targetProxy = 30992C0D241D8B4000725A4D /* PBXContainerItemProxy */;
		};
		30992C19241D8B4000725A4D /* PBXTargetDependency */ = {
			isa = PBXTargetDependency;
			target = 30992BF2241D8B3F00725A4D /* calculator */;
			targetProxy = 30992C18241D8B4000725A4D /* PBXContainerItemProxy */;
		};
/* End PBXTargetDependency section */

/* Begin PBXVariantGroup section */
		30992BFC241D8B3F00725A4D /* Main.storyboard */ = {
			isa = PBXVariantGroup;
			children = (
				30992BFD241D8B3F00725A4D /* Base */,
			);
			name = Main.storyboard;
			sourceTree = "<group>";
		};
		30992C04241D8B4000725A4D /* LaunchScreen.storyboard */ = {
			isa = PBXVariantGroup;
			children = (
				30992C05241D8B4000725A4D /* Base */,
			);
			name = LaunchScreen.storyboard;
			sourceTree = "<group>";
		};
/* End PBXVariantGroup section */

/* Begin XCBuildConfiguration section */
		30992C1E241D8B4000725A4D /* Debug */ = {
			isa = XCBuildConfiguration;
			buildSettings = {
				ALWAYS_SEARCH_USER_PATHS = NO;
				CLANG_ANALYZER_NONNULL = YES;
				CLANG_ANALYZER_NUMBER_OBJECT_CONVERSION = YES_AGGRESSIVE;
				CLANG_CXX_LANGUAGE_STANDARD = "gnu++14";
				CLANG_CXX_LIBRARY = "libc++";
				CLANG_ENABLE_MODULES = YES;
				CLANG_ENABLE_OBJC_ARC = YES;
				CLANG_ENABLE_OBJC_WEAK = YES;
				CLANG_WARN_BLOCK_CAPTURE_AUTORELEASING = YES;
				CLANG_WARN_BOOL_CONVERSION = YES;
				CLANG_WARN_COMMA = YES;
				CLANG_WARN_CONSTANT_CONVERSION = YES;
				CLANG_WARN_DEPRECATED_OBJC_IMPLEMENTATIONS = YES;
				CLANG_WARN_DIRECT_OBJC_ISA_USAGE = YES_ERROR;
				CLANG_WARN_DOCUMENTATION_COMMENTS = YES;
				CLANG_WARN_EMPTY_BODY = YES;
				CLANG_WARN_ENUM_CONVERSION = YES;
				CLANG_WARN_INFINITE_RECURSION = YES;
				CLANG_WARN_INT_CONVERSION = YES;
				CLANG_WARN_NON_LITERAL_NULL_CONVERSION = YES;
				CLANG_WARN_OBJC_IMPLICIT_RETAIN_SELF = YES;
				CLANG_WARN_OBJC_LITERAL_CONVERSION = YES;
				CLANG_WARN_OBJC_ROOT_CLASS = YES_ERROR;
				CLANG_WARN_RANGE_LOOP_ANALYSIS = YES;
				CLANG_WARN_STRICT_PROTOTYPES = YES;
				CLANG_WARN_SUSPICIOUS_MOVE = YES;
				CLANG_WARN_UNGUARDED_AVAILABILITY = YES_AGGRESSIVE;
				CLANG_WARN_UNREACHABLE_CODE = YES;
				CLANG_WARN__DUPLICATE_METHOD_MATCH = YES;
				COPY_PHASE_STRIP = NO;
				DEBUG_INFORMATION_FORMAT = dwarf;
				ENABLE_STRICT_OBJC_MSGSEND = YES;
				ENABLE_TESTABILITY = YES;
				GCC_C_LANGUAGE_STANDARD = gnu11;
				GCC_DYNAMIC_NO_PIC = NO;
				GCC_NO_COMMON_BLOCKS = YES;
				GCC_OPTIMIZATION_LEVEL = 0;
				GCC_PREPROCESSOR_DEFINITIONS = (
					"DEBUG=1",
					"$(inherited)",
				);
				GCC_WARN_64_TO_32_BIT_CONVERSION = YES;
				GCC_WARN_ABOUT_RETURN_TYPE = YES_ERROR;
				GCC_WARN_UNDECLARED_SELECTOR = YES;
				GCC_WARN_UNINITIALIZED_AUTOS = YES_AGGRESSIVE;
				GCC_WARN_UNUSED_FUNCTION = YES;
				GCC_WARN_UNUSED_VARIABLE = YES;
				IPHONEOS_DEPLOYMENT_TARGET = 12.0;
				MTL_ENABLE_DEBUG_INFO = INCLUDE_SOURCE;
				MTL_FAST_MATH = YES;
				ONLY_ACTIVE_ARCH = YES;
				SDKROOT = iphoneos;
				SWIFT_ACTIVE_COMPILATION_CONDITIONS = DEBUG;
				SWIFT_OPTIMIZATION_LEVEL = "-Onone";
			};
			name = Debug;
		};
		30992C1F241D8B4000725A4D /* Release */ = {
			isa = XCBuildConfiguration;
			buildSettings = {
				ALWAYS_SEARCH_USER_PATHS = NO;
				CLANG_ANALYZER_NONNULL = YES;
				CLANG_ANALYZER_NUMBER_OBJECT_CONVERSION = YES_AGGRESSIVE;
				CLANG_CXX_LANGUAGE_STANDARD = "gnu++14";
				CLANG_CXX_LIBRARY = "libc++";
				CLANG_ENABLE_MODULES = YES;
				CLANG_ENABLE_OBJC_ARC = YES;
				CLANG_ENABLE_OBJC_WEAK = YES;
				CLANG_WARN_BLOCK_CAPTURE_AUTORELEASING = YES;
				CLANG_WARN_BOOL_CONVERSION = YES;
				CLANG_WARN_COMMA = YES;
				CLANG_WARN_CONSTANT_CONVERSION = YES;
				CLANG_WARN_DEPRECATED_OBJC_IMPLEMENTATIONS = YES;
				CLANG_WARN_DIRECT_OBJC_ISA_USAGE = YES_ERROR;
				CLANG_WARN_DOCUMENTATION_COMMENTS = YES;
				CLANG_WARN_EMPTY_BODY = YES;
				CLANG_WARN_ENUM_CONVERSION = YES;
				CLANG_WARN_INFINITE_RECURSION = YES;
				CLANG_WARN_INT_CONVERSION = YES;
				CLANG_WARN_NON_LITERAL_NULL_CONVERSION = YES;
				CLANG_WARN_OBJC_IMPLICIT_RETAIN_SELF = YES;
				CLANG_WARN_OBJC_LITERAL_CONVERSION = YES;
				CLANG_WARN_OBJC_ROOT_CLASS = YES_ERROR;
				CLANG_WARN_RANGE_LOOP_ANALYSIS = YES;
				CLANG_WARN_STRICT_PROTOTYPES = YES;
				CLANG_WARN_SUSPICIOUS_MOVE = YES;
				CLANG_WARN_UNGUARDED_AVAILABILITY = YES_AGGRESSIVE;
				CLANG_WARN_UNREACHABLE_CODE = YES;
				CLANG_WARN__DUPLICATE_METHOD_MATCH = YES;
				COPY_PHASE_STRIP = NO;
				DEBUG_INFORMATION_FORMAT = "dwarf-with-dsym";
				ENABLE_NS_ASSERTIONS = NO;
				ENABLE_STRICT_OBJC_MSGSEND = YES;
				GCC_C_LANGUAGE_STANDARD = gnu11;
				GCC_NO_COMMON_BLOCKS = YES;
				GCC_WARN_64_TO_32_BIT_CONVERSION = YES;
				GCC_WARN_ABOUT_RETURN_TYPE = YES_ERROR;
				GCC_WARN_UNDECLARED_SELECTOR = YES;
				GCC_WARN_UNINITIALIZED_AUTOS = YES_AGGRESSIVE;
				GCC_WARN_UNUSED_FUNCTION = YES;
				GCC_WARN_UNUSED_VARIABLE = YES;
				IPHONEOS_DEPLOYMENT_TARGET = 12.0;
				MTL_ENABLE_DEBUG_INFO = NO;
				MTL_FAST_MATH = YES;
				SDKROOT = iphoneos;
				SWIFT_COMPILATION_MODE = wholemodule;
				SWIFT_OPTIMIZATION_LEVEL = "-O";
				VALIDATE_PRODUCT = YES;
			};
			name = Release;
		};
		30992C21241D8B4000725A4D /* Debug */ = {
			isa = XCBuildConfiguration;
			buildSettings = {
				ASSETCATALOG_COMPILER_APPICON_NAME = AppIcon;
				CODE_SIGN_STYLE = Automatic;
				DEVELOPMENT_TEAM = 276Y5NFX22;
				INFOPLIST_FILE = calculator/Info.plist;
				IPHONEOS_DEPLOYMENT_TARGET = 12.4;
				LD_RUNPATH_SEARCH_PATHS = (
					"$(inherited)",
					"@executable_path/Frameworks",
				);
				PRODUCT_BUNDLE_IDENTIFIER = com.porollo.calculator;
				PRODUCT_NAME = "$(TARGET_NAME)";
				SWIFT_VERSION = 5.0;
				TARGETED_DEVICE_FAMILY = "1,2";
			};
			name = Debug;
		};
		30992C22241D8B4000725A4D /* Release */ = {
			isa = XCBuildConfiguration;
			buildSettings = {
				ASSETCATALOG_COMPILER_APPICON_NAME = AppIcon;
				CODE_SIGN_STYLE = Automatic;
				DEVELOPMENT_TEAM = 276Y5NFX22;
				INFOPLIST_FILE = calculator/Info.plist;
				IPHONEOS_DEPLOYMENT_TARGET = 12.4;
				LD_RUNPATH_SEARCH_PATHS = (
					"$(inherited)",
					"@executable_path/Frameworks",
				);
				PRODUCT_BUNDLE_IDENTIFIER = com.porollo.calculator;
				PRODUCT_NAME = "$(TARGET_NAME)";
				SWIFT_VERSION = 5.0;
				TARGETED_DEVICE_FAMILY = "1,2";
			};
			name = Release;
		};
		30992C24241D8B4000725A4D /* Debug */ = {
			isa = XCBuildConfiguration;
			buildSettings = {
				ALWAYS_EMBED_SWIFT_STANDARD_LIBRARIES = YES;
				BUNDLE_LOADER = "$(TEST_HOST)";
				CODE_SIGN_STYLE = Automatic;
				DEVELOPMENT_TEAM = 276Y5NFX22;
				INFOPLIST_FILE = calculatorTests/Info.plist;
				IPHONEOS_DEPLOYMENT_TARGET = 12.0;
				LD_RUNPATH_SEARCH_PATHS = (
					"$(inherited)",
					"@executable_path/Frameworks",
					"@loader_path/Frameworks",
				);
				PRODUCT_BUNDLE_IDENTIFIER = com.porollo.calculatorTests;
				PRODUCT_NAME = "$(TARGET_NAME)";
				SWIFT_VERSION = 5.0;
				TARGETED_DEVICE_FAMILY = "1,2";
				TEST_HOST = "$(BUILT_PRODUCTS_DIR)/calculator.app/calculator";
			};
			name = Debug;
		};
		30992C25241D8B4000725A4D /* Release */ = {
			isa = XCBuildConfiguration;
			buildSettings = {
				ALWAYS_EMBED_SWIFT_STANDARD_LIBRARIES = YES;
				BUNDLE_LOADER = "$(TEST_HOST)";
				CODE_SIGN_STYLE = Automatic;
				DEVELOPMENT_TEAM = 276Y5NFX22;
				INFOPLIST_FILE = calculatorTests/Info.plist;
				IPHONEOS_DEPLOYMENT_TARGET = 12.0;
				LD_RUNPATH_SEARCH_PATHS = (
					"$(inherited)",
					"@executable_path/Frameworks",
					"@loader_path/Frameworks",
				);
				PRODUCT_BUNDLE_IDENTIFIER = com.porollo.calculatorTests;
				PRODUCT_NAME = "$(TARGET_NAME)";
				SWIFT_VERSION = 5.0;
				TARGETED_DEVICE_FAMILY = "1,2";
				TEST_HOST = "$(BUILT_PRODUCTS_DIR)/calculator.app/calculator";
			};
			name = Release;
		};
		30992C27241D8B4000725A4D /* Debug */ = {
			isa = XCBuildConfiguration;
			buildSettings = {
				ALWAYS_EMBED_SWIFT_STANDARD_LIBRARIES = YES;
				CODE_SIGN_STYLE = Automatic;
				DEVELOPMENT_TEAM = 276Y5NFX22;
				INFOPLIST_FILE = calculatorUITests/Info.plist;
				IPHONEOS_DEPLOYMENT_TARGET = 13.2;
				LD_RUNPATH_SEARCH_PATHS = (
					"$(inherited)",
					"@executable_path/Frameworks",
					"@loader_path/Frameworks",
				);
				PRODUCT_BUNDLE_IDENTIFIER = com.porollo.calculatorUITests;
				PRODUCT_NAME = "$(TARGET_NAME)";
				SWIFT_VERSION = 5.0;
				TARGETED_DEVICE_FAMILY = "1,2";
				TEST_TARGET_NAME = calculator;
			};
			name = Debug;
		};
		30992C28241D8B4000725A4D /* Release */ = {
			isa = XCBuildConfiguration;
			buildSettings = {
				ALWAYS_EMBED_SWIFT_STANDARD_LIBRARIES = YES;
				CODE_SIGN_STYLE = Automatic;
				DEVELOPMENT_TEAM = 276Y5NFX22;
				INFOPLIST_FILE = calculatorUITests/Info.plist;
				IPHONEOS_DEPLOYMENT_TARGET = 13.2;
				LD_RUNPATH_SEARCH_PATHS = (
					"$(inherited)",
					"@executable_path/Frameworks",
					"@loader_path/Frameworks",
				);
				PRODUCT_BUNDLE_IDENTIFIER = com.porollo.calculatorUITests;
				PRODUCT_NAME = "$(TARGET_NAME)";
				SWIFT_VERSION = 5.0;
				TARGETED_DEVICE_FAMILY = "1,2";
				TEST_TARGET_NAME = calculator;
			};
			name = Release;
		};
/* End XCBuildConfiguration section */

/* Begin XCConfigurationList section */
		30992BEE241D8B3F00725A4D /* Build configuration list for PBXProject "calculator" */ = {
			isa = XCConfigurationList;
			buildConfigurations = (
				30992C1E241D8B4000725A4D /* Debug */,
				30992C1F241D8B4000725A4D /* Release */,
			);
			defaultConfigurationIsVisible = 0;
			defaultConfigurationName = Release;
		};
		30992C20241D8B4000725A4D /* Build configuration list for PBXNativeTarget "calculator" */ = {
			isa = XCConfigurationList;
			buildConfigurations = (
				30992C21241D8B4000725A4D /* Debug */,
				30992C22241D8B4000725A4D /* Release */,
			);
			defaultConfigurationIsVisible = 0;
			defaultConfigurationName = Release;
		};
		30992C23241D8B4000725A4D /* Build configuration list for PBXNativeTarget "calculatorTests" */ = {
			isa = XCConfigurationList;
			buildConfigurations = (
				30992C24241D8B4000725A4D /* Debug */,
				30992C25241D8B4000725A4D /* Release */,
			);
			defaultConfigurationIsVisible = 0;
			defaultConfigurationName = Release;
		};
		30992C26241D8B4000725A4D /* Build configuration list for PBXNativeTarget "calculatorUITests" */ = {
			isa = XCConfigurationList;
			buildConfigurations = (
				30992C27241D8B4000725A4D /* Debug */,
				30992C28241D8B4000725A4D /* Release */,
			);
			defaultConfigurationIsVisible = 0;
			defaultConfigurationName = Release;
		};
/* End XCConfigurationList section */

/* Begin XCVersionGroup section */
		30992BFF241D8B3F00725A4D /* calculator.xcdatamodeld */ = {
			isa = XCVersionGroup;
			children = (
				30992C00241D8B3F00725A4D /* calculator.xcdatamodel */,
			);
			currentVersion = 30992C00241D8B3F00725A4D /* calculator.xcdatamodel */;
			path = calculator.xcdatamodeld;
			sourceTree = "<group>";
			versionGroupType = wrapper.xcdatamodel;
		};
/* End XCVersionGroup section */
	};
	rootObject = 30992BEB241D8B3F00725A4D /* Project object */;
}
